
Microsoft Visual Studio Solution File, Format Version 12.00
# Visual Studio 14
VisualStudioVersion = 14.0.25420.1
MinimumVisualStudioVersion = 10.0.40219.1
Project("{8BC9CEB8-8B4A-11D0-8D11-00A0C91BC942}") = "20170323_컴퓨터그래픽스", "20170323_컴퓨터그래픽스\20170323_컴퓨터그래픽스.vcxproj", "{17BE80C9-1B25-4BB4-A0B6-1DB99D29E706}"
EndProject
Global
	GlobalSection(SolutionConfigurationPlatforms) = preSolution
		Debug|x64 = Debug|x64
		Debug|x86 = Debug|x86
		Release|x64 = Release|x64
		Release|x86 = Release|x86
	EndGlobalSection
	GlobalSection(ProjectConfigurationPlatforms) = postSolution
		{17BE80C9-1B25-4BB4-A0B6-1DB99D29E706}.Debug|x64.ActiveCfg = Debug|x64
		{17BE80C9-1B25-4BB4-A0B6-1DB99D29E706}.Debug|x64.Build.0 = Debug|x64
		{17BE80C9-1B25-4BB4-A0B6-1DB99D29E706}.Debug|x86.ActiveCfg = Debug|Win32
		{17BE80C9-1B25-4BB4-A0B6-1DB99D29E706}.Debug|x86.Build.0 = Debug|Win32
		{17BE80C9-1B25-4BB4-A0B6-1DB99D29E706}.Release|x64.ActiveCfg = Release|x64
		{17BE80C9-1B25-4BB4-A0B6-1DB99D29E706}.Release|x64.Build.0 = Release|x64
		{17BE80C9-1B25-4BB4-A0B6-1DB99D29E706}.Release|x86.ActiveCfg = Release|Win32
		{17BE80C9-1B25-4BB4-A0B6-1DB99D29E706}.Release|x86.Build.0 = Release|Win32
	EndGlobalSection
	GlobalSection(SolutionProperties) = preSolution
		HideSolutionNode = FALSE
	EndGlobalSection
EndGlobal
